
Microsoft Visual Studio Solution File, Format Version 12.00
# Visual Studio Version 16
VisualStudioVersion = 16.0.30114.105
MinimumVisualStudioVersion = 10.0.40219.1
Project("{FAE04EC0-301F-11D3-BF4B-00C04F79EFBC}") = "MLDB.Api", "MLDB.Api\MLDB.Api.csproj", "{6A1A7A68-3C1E-48F0-A809-634A063FB066}"
EndProject
Project("{FAE04EC0-301F-11D3-BF4B-00C04F79EFBC}") = "MLDB.Api.Tests", "MLDB.Api.Tests\MLDB.Api.Tests.csproj", "{6A903813-09BD-4A35-815C-30814C3FF3A3}"
EndProject
Global
	GlobalSection(SolutionConfigurationPlatforms) = preSolution
		Debug|Any CPU = Debug|Any CPU
		Debug|x64 = Debug|x64
		Debug|x86 = Debug|x86
		Release|Any CPU = Release|Any CPU
		Release|x64 = Release|x64
		Release|x86 = Release|x86
	EndGlobalSection
	GlobalSection(SolutionProperties) = preSolution
		HideSolutionNode = FALSE
	EndGlobalSection
	GlobalSection(ProjectConfigurationPlatforms) = postSolution
		{6A1A7A68-3C1E-48F0-A809-634A063FB066}.Debug|Any CPU.ActiveCfg = Debug|Any CPU
		{6A1A7A68-3C1E-48F0-A809-634A063FB066}.Debug|Any CPU.Build.0 = Debug|Any CPU
		{6A1A7A68-3C1E-48F0-A809-634A063FB066}.Debug|x64.ActiveCfg = Debug|Any CPU
		{6A1A7A68-3C1E-48F0-A809-634A063FB066}.Debug|x64.Build.0 = Debug|Any CPU
		{6A1A7A68-3C1E-48F0-A809-634A063FB066}.Debug|x86.ActiveCfg = Debug|Any CPU
		{6A1A7A68-3C1E-48F0-A809-634A063FB066}.Debug|x86.Build.0 = Debug|Any CPU
		{6A1A7A68-3C1E-48F0-A809-634A063FB066}.Release|Any CPU.ActiveCfg = Release|Any CPU
		{6A1A7A68-3C1E-48F0-A809-634A063FB066}.Release|Any CPU.Build.0 = Release|Any CPU
		{6A1A7A68-3C1E-48F0-A809-634A063FB066}.Release|x64.ActiveCfg = Release|Any CPU
		{6A1A7A68-3C1E-48F0-A809-634A063FB066}.Release|x64.Build.0 = Release|Any CPU
		{6A1A7A68-3C1E-48F0-A809-634A063FB066}.Release|x86.ActiveCfg = Release|Any CPU
		{6A1A7A68-3C1E-48F0-A809-634A063FB066}.Release|x86.Build.0 = Release|Any CPU
		{6A903813-09BD-4A35-815C-30814C3FF3A3}.Debug|Any CPU.ActiveCfg = Debug|Any CPU
		{6A903813-09BD-4A35-815C-30814C3FF3A3}.Debug|Any CPU.Build.0 = Debug|Any CPU
		{6A903813-09BD-4A35-815C-30814C3FF3A3}.Debug|x64.ActiveCfg = Debug|Any CPU
		{6A903813-09BD-4A35-815C-30814C3FF3A3}.Debug|x64.Build.0 = Debug|Any CPU
		{6A903813-09BD-4A35-815C-30814C3FF3A3}.Debug|x86.ActiveCfg = Debug|Any CPU
		{6A903813-09BD-4A35-815C-30814C3FF3A3}.Debug|x86.Build.0 = Debug|Any CPU
		{6A903813-09BD-4A35-815C-30814C3FF3A3}.Release|Any CPU.ActiveCfg = Release|Any CPU
		{6A903813-09BD-4A35-815C-30814C3FF3A3}.Release|Any CPU.Build.0 = Release|Any CPU
		{6A903813-09BD-4A35-815C-30814C3FF3A3}.Release|x64.ActiveCfg = Release|Any CPU
		{6A903813-09BD-4A35-815C-30814C3FF3A3}.Release|x64.Build.0 = Release|Any CPU
		{6A903813-09BD-4A35-815C-30814C3FF3A3}.Release|x86.ActiveCfg = Release|Any CPU
		{6A903813-09BD-4A35-815C-30814C3FF3A3}.Release|x86.Build.0 = Release|Any CPU
	EndGlobalSection
EndGlobal
